// !$*UTF8*$!
{
	archiveVersion = 1;
	classes = {
	};
	objectVersion = 50;
	objects = {

/* Begin PBXBuildFile section */
		CF69CCDF26DD3CDF00BCE8EC /* SwiftUI_Webview_tutorialApp.swift in Sources */ = {isa = PBXBuildFile; fileRef = CF69CCDE26DD3CDF00BCE8EC /* SwiftUI_Webview_tutorialApp.swift */; };
		CF69CCE126DD3CDF00BCE8EC /* ContentView.swift in Sources */ = {isa = PBXBuildFile; fileRef = CF69CCE026DD3CDF00BCE8EC /* ContentView.swift */; };
		CF69CCE326DD3CE000BCE8EC /* Assets.xcassets in Resources */ = {isa = PBXBuildFile; fileRef = CF69CCE226DD3CE000BCE8EC /* Assets.xcassets */; };
		CF69CCE626DD3CE000BCE8EC /* Preview Assets.xcassets in Resources */ = {isa = PBXBuildFile; fileRef = CF69CCE526DD3CE000BCE8EC /* Preview Assets.xcassets */; };
		CF69CCEE26DD3D3D00BCE8EC /* MyWebview.swift in Sources */ = {isa = PBXBuildFile; fileRef = CF69CCED26DD3D3D00BCE8EC /* MyWebview.swift */; };
/* End PBXBuildFile section */

/* Begin PBXFileReference section */
		CF69CCDB26DD3CDF00BCE8EC /* SwiftUI_Webview_tutorial.app */ = {isa = PBXFileReference; explicitFileType = wrapper.application; includeInIndex = 0; path = SwiftUI_Webview_tutorial.app; sourceTree = BUILT_PRODUCTS_DIR; };
		CF69CCDE26DD3CDF00BCE8EC /* SwiftUI_Webview_tutorialApp.swift */ = {isa = PBXFileReference; lastKnownFileType = sourcecode.swift; path = SwiftUI_Webview_tutorialApp.swift; sourceTree = "<group>"; };
		CF69CCE026DD3CDF00BCE8EC /* ContentView.swift */ = {isa = PBXFileReference; lastKnownFileType = sourcecode.swift; path = ContentView.swift; sourceTree = "<group>"; };
		CF69CCE226DD3CE000BCE8EC /* Assets.xcassets */ = {isa = PBXFileReference; lastKnownFileType = folder.assetcatalog; path = Assets.xcassets; sourceTree = "<group>"; };
		CF69CCE526DD3CE000BCE8EC /* Preview Assets.xcassets */ = {isa = PBXFileReference; lastKnownFileType = folder.assetcatalog; path = "Preview Assets.xcassets"; sourceTree = "<group>"; };
		CF69CCE726DD3CE000BCE8EC /* Info.plist */ = {isa = PBXFileReference; lastKnownFileType = text.plist.xml; path = Info.plist; sourceTree = "<group>"; };
		CF69CCED26DD3D3D00BCE8EC /* MyWebview.swift */ = {isa = PBXFileReference; lastKnownFileType = sourcecode.swift; path = MyWebview.swift; sourceTree = "<group>"; };
/* End PBXFileReference section */

/* Begin PBXFrameworksBuildPhase section */
		CF69CCD826DD3CDF00BCE8EC /* Frameworks */ = {
			isa = PBXFrameworksBuildPhase;
			buildActionMask = 2147483647;
			files = (
			);
			runOnlyForDeploymentPostprocessing = 0;
		};
/* End PBXFrameworksBuildPhase section */

/* Begin PBXGroup section */
		CF69CCD226DD3CDF00BCE8EC = {
			isa = PBXGroup;
			children = (
				CF69CCDD26DD3CDF00BCE8EC /* SwiftUI_Webview_tutorial */,
				CF69CCDC26DD3CDF00BCE8EC /* Products */,
			);
			sourceTree = "<group>";
		};
		CF69CCDC26DD3CDF00BCE8EC /* Products */ = {
			isa = PBXGroup;
			children = (
				CF69CCDB26DD3CDF00BCE8EC /* SwiftUI_Webview_tutorial.app */,
			);
			name = Products;
			sourceTree = "<group>";
		};
		CF69CCDD26DD3CDF00BCE8EC /* SwiftUI_Webview_tutorial */ = {
			isa = PBXGroup;
			children = (
				CF69CCDE26DD3CDF00BCE8EC /* SwiftUI_Webview_tutorialApp.swift */,
				CF69CCE026DD3CDF00BCE8EC /* ContentView.swift */,
				CF69CCE226DD3CE000BCE8EC /* Assets.xcassets */,
				CF69CCE726DD3CE000BCE8EC /* Info.plist */,
				CF69CCE426DD3CE000BCE8EC /* Preview Content */,
				CF69CCED26DD3D3D00BCE8EC /* MyWebview.swift */,
			);
			path = SwiftUI_Webview_tutorial;
			sourceTree = "<group>";
		};
		CF69CCE426DD3CE000BCE8EC /* Preview Content */ = {
			isa = PBXGroup;
			children = (
				CF69CCE526DD3CE000BCE8EC /* Preview Assets.xcassets */,
			);
			path = "Preview Content";
			sourceTree = "<group>";
		};
/* End PBXGroup section */

/* Begin PBXNativeTarget section */
		CF69CCDA26DD3CDF00BCE8EC /* SwiftUI_Webview_tutorial */ = {
			isa = PBXNativeTarget;
			buildConfigurationList = CF69CCEA26DD3CE000BCE8EC /* Build configuration list for PBXNativeTarget "SwiftUI_Webview_tutorial" */;
			buildPhases = (
				CF69CCD726DD3CDF00BCE8EC /* Sources */,
				CF69CCD826DD3CDF00BCE8EC /* Frameworks */,
				CF69CCD926DD3CDF00BCE8EC /* Resources */,
			);
			buildRules = (
			);
			dependencies = (
			);
			name = SwiftUI_Webview_tutorial;
			productName = SwiftUI_Webview_tutorial;
			productReference = CF69CCDB26DD3CDF00BCE8EC /* SwiftUI_Webview_tutorial.app */;
			productType = "com.apple.product-type.application";
		};
/* End PBXNativeTarget section */

/* Begin PBXProject section */
		CF69CCD326DD3CDF00BCE8EC /* Project object */ = {
			isa = PBXProject;
			attributes = {
				LastSwiftUpdateCheck = 1250;
				LastUpgradeCheck = 1250;
				TargetAttributes = {
					CF69CCDA26DD3CDF00BCE8EC = {
						CreatedOnToolsVersion = 12.5.1;
					};
				};
			};
			buildConfigurationList = CF69CCD626DD3CDF00BCE8EC /* Build configuration list for PBXProject "SwiftUI_Webview_tutorial" */;
			compatibilityVersion = "Xcode 9.3";
			developmentRegion = en;
			hasScannedForEncodings = 0;
			knownRegions = (
				en,
				Base,
			);
			mainGroup = CF69CCD226DD3CDF00BCE8EC;
			productRefGroup = CF69CCDC26DD3CDF00BCE8EC /* Products */;
			projectDirPath = "";
			projectRoot = "";
			targets = (
				CF69CCDA26DD3CDF00BCE8EC /* SwiftUI_Webview_tutorial */,
			);
		};
/* End PBXProject section */

/* Begin PBXResourcesBuildPhase section */
		CF69CCD926DD3CDF00BCE8EC /* Resources */ = {
			isa = PBXResourcesBuildPhase;
			buildActionMask = 2147483647;
			files = (
				CF69CCE626DD3CE000BCE8EC /* Preview Assets.xcassets in Resources */,
				CF69CCE326DD3CE000BCE8EC /* Assets.xcassets in Resources */,
			);
			runOnlyForDeploymentPostprocessing = 0;
		};
/* End PBXResourcesBuildPhase section */

/* Begin PBXSourcesBuildPhase section */
		CF69CCD726DD3CDF00BCE8EC /* Sources */ = {
			isa = PBXSourcesBuildPhase;
			buildActionMask = 2147483647;
			files = (
				CF69CCE126DD3CDF00BCE8EC /* ContentView.swift in Sources */,
				CF69CCEE26DD3D3D00BCE8EC /* MyWebview.swift in Sources */,
				CF69CCDF26DD3CDF00BCE8EC /* SwiftUI_Webview_tutorialApp.swift in Sources */,
			);
			runOnlyForDeploymentPostprocessing = 0;
		};
/* End PBXSourcesBuildPhase section */

/* Begin XCBuildConfiguration section */
		CF69CCE826DD3CE000BCE8EC /* Debug */ = {
			isa = XCBuildConfiguration;
			buildSettings = {
				ALWAYS_SEARCH_USER_PATHS = NO;
				CLANG_ANALYZER_NONNULL = YES;
				CLANG_ANALYZER_NUMBER_OBJECT_CONVERSION = YES_AGGRESSIVE;
				CLANG_CXX_LANGUAGE_STANDARD = "gnu++14";
				CLANG_CXX_LIBRARY = "libc++";
				CLANG_ENABLE_MODULES = YES;
				CLANG_ENABLE_OBJC_ARC = YES;
				CLANG_ENABLE_OBJC_WEAK = YES;
				CLANG_WARN_BLOCK_CAPTURE_AUTORELEASING = YES;
				CLANG_WARN_BOOL_CONVERSION = YES;
				CLANG_WARN_COMMA = YES;
				CLANG_WARN_CONSTANT_CONVERSION = YES;
				CLANG_WARN_DEPRECATED_OBJC_IMPLEMENTATIONS = YES;
				CLANG_WARN_DIRECT_OBJC_ISA_USAGE = YES_ERROR;
				CLANG_WARN_DOCUMENTATION_COMMENTS = YES;
				CLANG_WARN_EMPTY_BODY = YES;
				CLANG_WARN_ENUM_CONVERSION = YES;
				CLANG_WARN_INFINITE_RECURSION = YES;
				CLANG_WARN_INT_CONVERSION = YES;
				CLANG_WARN_NON_LITERAL_NULL_CONVERSION = YES;
				CLANG_WARN_OBJC_IMPLICIT_RETAIN_SELF = YES;
				CLANG_WARN_OBJC_LITERAL_CONVERSION = YES;
				CLANG_WARN_OBJC_ROOT_CLASS = YES_ERROR;
				CLANG_WARN_QUOTED_INCLUDE_IN_FRAMEWORK_HEADER = YES;
				CLANG_WARN_RANGE_LOOP_ANALYSIS = YES;
				CLANG_WARN_STRICT_PROTOTYPES = YES;
				CLANG_WARN_SUSPICIOUS_MOVE = YES;
				CLANG_WARN_UNGUARDED_AVAILABILITY = YES_AGGRESSIVE;
				CLANG_WARN_UNREACHABLE_CODE = YES;
				CLANG_WARN__DUPLICATE_METHOD_MATCH = YES;
				COPY_PHASE_STRIP = NO;
				DEBUG_INFORMATION_FORMAT = dwarf;
				ENABLE_STRICT_OBJC_MSGSEND = YES;
				ENABLE_TESTABILITY = YES;
				GCC_C_LANGUAGE_STANDARD = gnu11;
				GCC_DYNAMIC_NO_PIC = NO;
				GCC_NO_COMMON_BLOCKS = YES;
				GCC_OPTIMIZATION_LEVEL = 0;
				GCC_PREPROCESSOR_DEFINITIONS = (
					"DEBUG=1",
					"$(inherited)",
				);
				GCC_WARN_64_TO_32_BIT_CONVERSION = YES;
				GCC_WARN_ABOUT_RETURN_TYPE = YES_ERROR;
				GCC_WARN_UNDECLARED_SELECTOR = YES;
				GCC_WARN_UNINITIALIZED_AUTOS = YES_AGGRESSIVE;
				GCC_WARN_UNUSED_FUNCTION = YES;
				GCC_WARN_UNUSED_VARIABLE = YES;
				IPHONEOS_DEPLOYMENT_TARGET = 14.5;
				MTL_ENABLE_DEBUG_INFO = INCLUDE_SOURCE;
				MTL_FAST_MATH = YES;
				ONLY_ACTIVE_ARCH = YES;
				SDKROOT = iphoneos;
				SWIFT_ACTIVE_COMPILATION_CONDITIONS = DEBUG;
				SWIFT_OPTIMIZATION_LEVEL = "-Onone";
			};
			name = Debug;
		};
		CF69CCE926DD3CE000BCE8EC /* Release */ = {
			isa = XCBuildConfiguration;
			buildSettings = {
				ALWAYS_SEARCH_USER_PATHS = NO;
				CLANG_ANALYZER_NONNULL = YES;
				CLANG_ANALYZER_NUMBER_OBJECT_CONVERSION = YES_AGGRESSIVE;
				CLANG_CXX_LANGUAGE_STANDARD = "gnu++14";
				CLANG_CXX_LIBRARY = "libc++";
				CLANG_ENABLE_MODULES = YES;
				CLANG_ENABLE_OBJC_ARC = YES;
				CLANG_ENABLE_OBJC_WEAK = YES;
				CLANG_WARN_BLOCK_CAPTURE_AUTORELEASING = YES;
				CLANG_WARN_BOOL_CONVERSION = YES;
				CLANG_WARN_COMMA = YES;
				CLANG_WARN_CONSTANT_CONVERSION = YES;
				CLANG_WARN_DEPRECATED_OBJC_IMPLEMENTATIONS = YES;
				CLANG_WARN_DIRECT_OBJC_ISA_USAGE = YES_ERROR;
				CLANG_WARN_DOCUMENTATION_COMMENTS = YES;
				CLANG_WARN_EMPTY_BODY = YES;
				CLANG_WARN_ENUM_CONVERSION = YES;
				CLANG_WARN_INFINITE_RECURSION = YES;
				CLANG_WARN_INT_CONVERSION = YES;
				CLANG_WARN_NON_LITERAL_NULL_CONVERSION = YES;
				CLANG_WARN_OBJC_IMPLICIT_RETAIN_SELF = YES;
				CLANG_WARN_OBJC_LITERAL_CONVERSION = YES;
				CLANG_WARN_OBJC_ROOT_CLASS = YES_ERROR;
				CLANG_WARN_QUOTED_INCLUDE_IN_FRAMEWORK_HEADER = YES;
				CLANG_WARN_RANGE_LOOP_ANALYSIS = YES;
				CLANG_WARN_STRICT_PROTOTYPES = YES;
				CLANG_WARN_SUSPICIOUS_MOVE = YES;
				CLANG_WARN_UNGUARDED_AVAILABILITY = YES_AGGRESSIVE;
				CLANG_WARN_UNREACHABLE_CODE = YES;
				CLANG_WARN__DUPLICATE_METHOD_MATCH = YES;
				COPY_PHASE_STRIP = NO;
				DEBUG_INFORMATION_FORMAT = "dwarf-with-dsym";
				ENABLE_NS_ASSERTIONS = NO;
				ENABLE_STRICT_OBJC_MSGSEND = YES;
				GCC_C_LANGUAGE_STANDARD = gnu11;
				GCC_NO_COMMON_BLOCKS = YES;
				GCC_WARN_64_TO_32_BIT_CONVERSION = YES;
				GCC_WARN_ABOUT_RETURN_TYPE = YES_ERROR;
				GCC_WARN_UNDECLARED_SELECTOR = YES;
				GCC_WARN_UNINITIALIZED_AUTOS = YES_AGGRESSIVE;
				GCC_WARN_UNUSED_FUNCTION = YES;
				GCC_WARN_UNUSED_VARIABLE = YES;
				IPHONEOS_DEPLOYMENT_TARGET = 14.5;
				MTL_ENABLE_DEBUG_INFO = NO;
				MTL_FAST_MATH = YES;
				SDKROOT = iphoneos;
				SWIFT_COMPILATION_MODE = wholemodule;
				SWIFT_OPTIMIZATION_LEVEL = "-O";
				VALIDATE_PRODUCT = YES;
			};
			name = Release;
		};
		CF69CCEB26DD3CE000BCE8EC /* Debug */ = {
			isa = XCBuildConfiguration;
			buildSettings = {
				ASSETCATALOG_COMPILER_APPICON_NAME = AppIcon;
				ASSETCATALOG_COMPILER_GLOBAL_ACCENT_COLOR_NAME = AccentColor;
				CODE_SIGN_STYLE = Automatic;
				DEVELOPMENT_ASSET_PATHS = "\"SwiftUI_Webview_tutorial/Preview Content\"";
				DEVELOPMENT_TEAM = 693UXJX8Z9;
				ENABLE_PREVIEWS = YES;
				INFOPLIST_FILE = SwiftUI_Webview_tutorial/Info.plist;
				IPHONEOS_DEPLOYMENT_TARGET = 14.0;
				LD_RUNPATH_SEARCH_PATHS = (
					"$(inherited)",
					"@executable_path/Frameworks",
				);
				PRODUCT_BUNDLE_IDENTIFIER = "develop.SwiftUI-Webview-tutorial";
				PRODUCT_NAME = "$(TARGET_NAME)";
				SWIFT_VERSION = 5.0;
				TARGETED_DEVICE_FAMILY = "1,2";
			};
			name = Debug;
		};
		CF69CCEC26DD3CE000BCE8EC /* Release */ = {
			isa = XCBuildConfiguration;
			buildSettings = {
				ASSETCATALOG_COMPILER_APPICON_NAME = AppIcon;
				ASSETCATALOG_COMPILER_GLOBAL_ACCENT_COLOR_NAME = AccentColor;
				CODE_SIGN_STYLE = Automatic;
				DEVELOPMENT_ASSET_PATHS = "\"SwiftUI_Webview_tutorial/Preview Content\"";
				DEVELOPMENT_TEAM = 693UXJX8Z9;
				ENABLE_PREVIEWS = YES;
				INFOPLIST_FILE = SwiftUI_Webview_tutorial/Info.plist;
				IPHONEOS_DEPLOYMENT_TARGET = 14.0;
				LD_RUNPATH_SEARCH_PATHS = (
					"$(inherited)",
					"@executable_path/Frameworks",
				);
				PRODUCT_BUNDLE_IDENTIFIER = "develop.SwiftUI-Webview-tutorial";
				PRODUCT_NAME = "$(TARGET_NAME)";
				SWIFT_VERSION = 5.0;
				TARGETED_DEVICE_FAMILY = "1,2";
			};
			name = Release;
		};
/* End XCBuildConfiguration section */

/* Begin XCConfigurationList section */
		CF69CCD626DD3CDF00BCE8EC /* Build configuration list for PBXProject "SwiftUI_Webview_tutorial" */ = {
			isa = XCConfigurationList;
			buildConfigurations = (
				CF69CCE826DD3CE000BCE8EC /* Debug */,
				CF69CCE926DD3CE000BCE8EC /* Release */,
			);
			defaultConfigurationIsVisible = 0;
			defaultConfigurationName = Release;
		};
		CF69CCEA26DD3CE000BCE8EC /* Build configuration list for PBXNativeTarget "SwiftUI_Webview_tutorial" */ = {
			isa = XCConfigurationList;
			buildConfigurations = (
				CF69CCEB26DD3CE000BCE8EC /* Debug */,
				CF69CCEC26DD3CE000BCE8EC /* Release */,
			);
			defaultConfigurationIsVisible = 0;
			defaultConfigurationName = Release;
		};
/* End XCConfigurationList section */
	};
	rootObject = CF69CCD326DD3CDF00BCE8EC /* Project object */;
}
